
Microsoft Visual Studio Solution File, Format Version 12.00
# Visual Studio Version 16
VisualStudioVersion = 16.0.30804.86
MinimumVisualStudioVersion = 10.0.40219.1
Project("{9A19103F-16F7-4668-BE54-9A1E7A4F7556}") = "Cybertek.Entities", "Cybertek.Entities\Cybertek.Entities.csproj", "{57621484-7523-4B4B-B223-11DB6D4576E9}"
EndProject
Project("{9A19103F-16F7-4668-BE54-9A1E7A4F7556}") = "Cybertek.MVC", "Cybertek.MVC\Cybertek.MVC.csproj", "{9CA247C0-077E-4C2C-A50D-63DE40A657E4}"
EndProject
Project("{9A19103F-16F7-4668-BE54-9A1E7A4F7556}") = "Cybertek.Auth", "Cybertek.Auth\Cybertek.Auth.csproj", "{4AF692D6-7C03-4A36-81C4-60C9863411CC}"
EndProject
Project("{FAE04EC0-301F-11D3-BF4B-00C04F79EFBC}") = "Cybertek.Api", "Cybertek.Api\Cybertek.Api.csproj", "{A7CC3871-9020-41B1-8561-F2F4A02A97BA}"
EndProject
Global
	GlobalSection(SolutionConfigurationPlatforms) = preSolution
		Debug|Any CPU = Debug|Any CPU
		Release|Any CPU = Release|Any CPU
	EndGlobalSection
	GlobalSection(ProjectConfigurationPlatforms) = postSolution
		{57621484-7523-4B4B-B223-11DB6D4576E9}.Debug|Any CPU.ActiveCfg = Debug|Any CPU
		{57621484-7523-4B4B-B223-11DB6D4576E9}.Debug|Any CPU.Build.0 = Debug|Any CPU
		{57621484-7523-4B4B-B223-11DB6D4576E9}.Release|Any CPU.ActiveCfg = Release|Any CPU
		{57621484-7523-4B4B-B223-11DB6D4576E9}.Release|Any CPU.Build.0 = Release|Any CPU
		{9CA247C0-077E-4C2C-A50D-63DE40A657E4}.Debug|Any CPU.ActiveCfg = Debug|Any CPU
		{9CA247C0-077E-4C2C-A50D-63DE40A657E4}.Debug|Any CPU.Build.0 = Debug|Any CPU
		{9CA247C0-077E-4C2C-A50D-63DE40A657E4}.Release|Any CPU.ActiveCfg = Release|Any CPU
		{9CA247C0-077E-4C2C-A50D-63DE40A657E4}.Release|Any CPU.Build.0 = Release|Any CPU
		{4AF692D6-7C03-4A36-81C4-60C9863411CC}.Debug|Any CPU.ActiveCfg = Debug|Any CPU
		{4AF692D6-7C03-4A36-81C4-60C9863411CC}.Debug|Any CPU.Build.0 = Debug|Any CPU
		{4AF692D6-7C03-4A36-81C4-60C9863411CC}.Release|Any CPU.ActiveCfg = Release|Any CPU
		{4AF692D6-7C03-4A36-81C4-60C9863411CC}.Release|Any CPU.Build.0 = Release|Any CPU
		{A7CC3871-9020-41B1-8561-F2F4A02A97BA}.Debug|Any CPU.ActiveCfg = Debug|Any CPU
		{A7CC3871-9020-41B1-8561-F2F4A02A97BA}.Debug|Any CPU.Build.0 = Debug|Any CPU
		{A7CC3871-9020-41B1-8561-F2F4A02A97BA}.Release|Any CPU.ActiveCfg = Release|Any CPU
		{A7CC3871-9020-41B1-8561-F2F4A02A97BA}.Release|Any CPU.Build.0 = Release|Any CPU
	EndGlobalSection
	GlobalSection(SolutionProperties) = preSolution
		HideSolutionNode = FALSE
	EndGlobalSection
	GlobalSection(ExtensibilityGlobals) = postSolution
		SolutionGuid = {BFDC9D6F-1551-408C-BAB6-722114A21552}
	EndGlobalSection
EndGlobal
